
Microsoft Visual Studio Solution File, Format Version 12.00
# Visual Studio 15
VisualStudioVersion = 15.0.27004.2005
MinimumVisualStudioVersion = 10.0.40219.1
Project("{9A19103F-16F7-4668-BE54-9A1E7A4F7556}") = "HiP-ThumbnailService", "HiP-ThumbnailService\HiP-ThumbnailService.csproj", "{07373863-B0FC-4FA5-831C-FA21AE49AE50}"
EndProject
Project("{FAE04EC0-301F-11D3-BF4B-00C04F79EFBC}") = "HiP-ThumbnailService.Sdk", "HiP-ThumbnailService.Sdk\HiP-ThumbnailService.Sdk.csproj", "{2C27BD3E-AA0A-42C5-BED5-8B35E7A7DCD2}"
EndProject
Global
	GlobalSection(SolutionConfigurationPlatforms) = preSolution
		Debug|Any CPU = Debug|Any CPU
		Release|Any CPU = Release|Any CPU
	EndGlobalSection
	GlobalSection(ProjectConfigurationPlatforms) = postSolution
		{07373863-B0FC-4FA5-831C-FA21AE49AE50}.Debug|Any CPU.ActiveCfg = Debug|Any CPU
		{07373863-B0FC-4FA5-831C-FA21AE49AE50}.Debug|Any CPU.Build.0 = Debug|Any CPU
		{07373863-B0FC-4FA5-831C-FA21AE49AE50}.Release|Any CPU.ActiveCfg = Release|Any CPU
		{07373863-B0FC-4FA5-831C-FA21AE49AE50}.Release|Any CPU.Build.0 = Release|Any CPU
		{2C27BD3E-AA0A-42C5-BED5-8B35E7A7DCD2}.Debug|Any CPU.ActiveCfg = Debug|Any CPU
		{2C27BD3E-AA0A-42C5-BED5-8B35E7A7DCD2}.Debug|Any CPU.Build.0 = Debug|Any CPU
		{2C27BD3E-AA0A-42C5-BED5-8B35E7A7DCD2}.Release|Any CPU.ActiveCfg = Release|Any CPU
		{2C27BD3E-AA0A-42C5-BED5-8B35E7A7DCD2}.Release|Any CPU.Build.0 = Release|Any CPU
	EndGlobalSection
	GlobalSection(SolutionProperties) = preSolution
		HideSolutionNode = FALSE
	EndGlobalSection
	GlobalSection(ExtensibilityGlobals) = postSolution
		SolutionGuid = {7CB336DD-E0F4-4D90-ABC2-CD143A8293A3}
	EndGlobalSection
EndGlobal
